
Microsoft Visual Studio Solution File, Format Version 12.00
# Visual Studio Version 16
VisualStudioVersion = 16.0.34114.132
MinimumVisualStudioVersion = 10.0.40219.1
Project("{2150E333-8FDC-42A3-9474-1A3956D46DE8}") = "Task0", "Task0", "{0C79F3C5-D880-4BA8-BB59-F19CC9220394}"
EndProject
Project("{FAE04EC0-301F-11D3-BF4B-00C04F79EFBC}") = "Tyuiu.HubulovaVI.Sprint4.Task0.V14", "Tyuiu.HubulovaVI.Sprint4.Task0.V14\Tyuiu.HubulovaVI.Sprint4.Task0.V14.csproj", "{EE98E3FD-557D-4797-8D1D-CDBF0FA6685E}"
EndProject
Project("{FAE04EC0-301F-11D3-BF4B-00C04F79EFBC}") = "Tyuiu.HubulovaVI.Sprint4.Task0.V14.Lib", "Tyuiu.HubulovaVI.Sprint4.Task0.V14.Lib\Tyuiu.HubulovaVI.Sprint4.Task0.V14.Lib.csproj", "{1A304D96-80E1-4103-BF66-5DC9D4DF7FEB}"
EndProject
Project("{FAE04EC0-301F-11D3-BF4B-00C04F79EFBC}") = "Tyuiu.HubulovaVI.Sprint4.Task0.V14.Test", "Tyuiu.HubulovaVI.Sprint4.Task0.V14.Test\Tyuiu.HubulovaVI.Sprint4.Task0.V14.Test.csproj", "{C5C2E045-0346-47B9-B6E5-C5984C6974C9}"
EndProject
Project("{2150E333-8FDC-42A3-9474-1A3956D46DE8}") = "NewFolder1", "NewFolder1", "{A874E0A6-5137-4C32-8C14-E6D37361F6DE}"
EndProject
Project("{FAE04EC0-301F-11D3-BF4B-00C04F79EFBC}") = "Tyuiu.HubulovaVI.Sprint4.Task1.V22", "Tyuiu.HubulovaVI.Sprint4.Task1.V22\Tyuiu.HubulovaVI.Sprint4.Task1.V22.csproj", "{B10CD12A-E846-4378-895E-1D7A5570BAB2}"
EndProject
Project("{FAE04EC0-301F-11D3-BF4B-00C04F79EFBC}") = "Tyuiu.HubulovaVI.Sprint4.Task1.V22.Lib", "Tyuiu.HubulovaVI.Sprint4.Task1.V22.Lib\Tyuiu.HubulovaVI.Sprint4.Task1.V22.Lib.csproj", "{5096942F-1FBC-4757-AD84-EC593E4F69DC}"
EndProject
Project("{FAE04EC0-301F-11D3-BF4B-00C04F79EFBC}") = "Tyuiu.HubulovaVI.Sprint4.Task1.V22.Test", "Tyuiu.HubulovaVI.Sprint4.Task1.V22.Test\Tyuiu.HubulovaVI.Sprint4.Task1.V22.Test.csproj", "{B7F89AC7-7260-4C5A-B5F5-46EAB047D45F}"
EndProject
Project("{2150E333-8FDC-42A3-9474-1A3956D46DE8}") = "NewFolder2", "NewFolder2", "{FBA7E72C-3C4E-43C1-A982-8616FB22AC06}"
EndProject
Project("{FAE04EC0-301F-11D3-BF4B-00C04F79EFBC}") = "Tyuiu.HubulovaVI.Sprint4.Task2.V14", "Tyuiu.HubulovaVI.Sprint4.Task2.V14\Tyuiu.HubulovaVI.Sprint4.Task2.V14.csproj", "{09A8D8BF-7863-4717-B83A-133B942A9624}"
EndProject
Project("{FAE04EC0-301F-11D3-BF4B-00C04F79EFBC}") = "Tyuiu.HubulovaVI.Sprint4.Task2.V14.Lib", "Tyuiu.HubulovaVI.Sprint4.Task2.V14.Lib\Tyuiu.HubulovaVI.Sprint4.Task2.V14.Lib.csproj", "{6764571D-8C70-4F54-828E-B4B0B34638FA}"
EndProject
Project("{FAE04EC0-301F-11D3-BF4B-00C04F79EFBC}") = "Tyuiu.HubulovaVI.Sprint4.Task2.V14.Test", "Tyuiu.HubulovaVI.Sprint4.Task2.V14.Test\Tyuiu.HubulovaVI.Sprint4.Task2.V14.Test.csproj", "{3A4F612E-9CD2-4AFB-9E69-812314005C92}"
EndProject
Project("{2150E333-8FDC-42A3-9474-1A3956D46DE8}") = "NewFolder3", "NewFolder3", "{9C7AA727-C77F-42CE-A421-460316EE2726}"
EndProject
Project("{FAE04EC0-301F-11D3-BF4B-00C04F79EFBC}") = "Tyuiu.HubulovaVI.Sprint4.Task3.V29", "Tyuiu.HubulovaVI.Sprint4.Task3.V29\Tyuiu.HubulovaVI.Sprint4.Task3.V29.csproj", "{0595801F-1102-4C65-8E97-E35B653E8AB2}"
EndProject
Project("{FAE04EC0-301F-11D3-BF4B-00C04F79EFBC}") = "Tyuiu.HubulovaVI.Sprint4.Task3.V29.Lib", "Tyuiu.HubulovaVI.Sprint4.Task3.V29.Lib\Tyuiu.HubulovaVI.Sprint4.Task3.V29.Lib.csproj", "{CF0CEEC8-E1F2-4B5E-B032-3747BB44E89B}"
EndProject
Project("{FAE04EC0-301F-11D3-BF4B-00C04F79EFBC}") = "Tyuiu.HubulovaVI.Sprint4.Task3.V29.Test", "Tyuiu.HubulovaVI.Sprint4.Task3.V29.Test\Tyuiu.HubulovaVI.Sprint4.Task3.V29.Test.csproj", "{E76F7456-A1CB-4B42-8593-658EB6E37C85}"
EndProject
Project("{2150E333-8FDC-42A3-9474-1A3956D46DE8}") = "Task4", "Task4", "{95612E9B-FDA8-47D3-81AA-762951E479E3}"
EndProject
Project("{FAE04EC0-301F-11D3-BF4B-00C04F79EFBC}") = "Tyuiu.HubulovaVI.Sprint4.Task4.V1", "Tyuiu.HubulovaVI.Sprint4.Task4.V1\Tyuiu.HubulovaVI.Sprint4.Task4.V1.csproj", "{A0197676-0CC7-4705-B2AE-040F20629D0E}"
EndProject
Project("{FAE04EC0-301F-11D3-BF4B-00C04F79EFBC}") = "Tyuiu.HubulovaVI.Sprint4.Task4.V1.Lib", "Tyuiu.HubulovaVI.Sprint4.Task4.V1.Lib\Tyuiu.HubulovaVI.Sprint4.Task4.V1.Lib.csproj", "{6E84DC9C-574E-4764-9CFE-B2F1DBAFD889}"
EndProject
Project("{FAE04EC0-301F-11D3-BF4B-00C04F79EFBC}") = "Tyuiu.HubulovaVI.Sprint4.Task4.V1.Test", "Tyuiu.HubulovaVI.Sprint4.Task4.V1.Test\Tyuiu.HubulovaVI.Sprint4.Task4.V1.Test.csproj", "{E2BFD5DA-3C2D-49B5-85C3-0F2BD0598388}"
EndProject
Project("{2150E333-8FDC-42A3-9474-1A3956D46DE8}") = "Task5", "Task5", "{81AA4B2F-B1F1-46B6-AEFC-F1884976E352}"
EndProject
Project("{FAE04EC0-301F-11D3-BF4B-00C04F79EFBC}") = "Tyuiu.HubulovaVI.Sprint4.Task5.V2", "Tyuiu.HubulovaVI.Sprint4.Task5.V2\Tyuiu.HubulovaVI.Sprint4.Task5.V2.csproj", "{DF93F5E4-5C07-4BB7-9051-F1EC013CD486}"
EndProject
Project("{FAE04EC0-301F-11D3-BF4B-00C04F79EFBC}") = "Tyuiu.HubulovaVI.Sprint4.Task5.V2.Lib", "Tyuiu.HubulovaVI.Sprint4.Task5.V2.Lib\Tyuiu.HubulovaVI.Sprint4.Task5.V2.Lib.csproj", "{97958776-232E-446C-ABE2-13EBCADEC47C}"
EndProject
Project("{FAE04EC0-301F-11D3-BF4B-00C04F79EFBC}") = "Tyuiu.HubulovaVI.Sprint4.Task5.V2.Test", "Tyuiu.HubulovaVI.Sprint4.Task5.V2.Test\Tyuiu.HubulovaVI.Sprint4.Task5.V2.Test.csproj", "{A218ED56-167B-419D-821C-5319C9B02B86}"
EndProject
Project("{2150E333-8FDC-42A3-9474-1A3956D46DE8}") = "Task6", "Task6", "{45484A49-C0A0-4EB3-8000-1461D61F98BA}"
EndProject
Project("{FAE04EC0-301F-11D3-BF4B-00C04F79EFBC}") = "Tyuiu.HubulovaVI.Sprint4.Task6.V13", "Tyuiu.HubulovaVI.Sprint4.Task6.V13\Tyuiu.HubulovaVI.Sprint4.Task6.V13.csproj", "{B29CAA70-2FA0-4D66-BCF1-CBC7E0E22A41}"
EndProject
Project("{FAE04EC0-301F-11D3-BF4B-00C04F79EFBC}") = "Tyuiu.HubulovaVI.Sprint4.Task6.V13.Lib", "Tyuiu.HubulovaVI.Sprint4.Task6.V13.Lib\Tyuiu.HubulovaVI.Sprint4.Task6.V13.Lib.csproj", "{CEC040D0-C4CA-4F41-9199-0C1B4C0811DA}"
EndProject
Project("{FAE04EC0-301F-11D3-BF4B-00C04F79EFBC}") = "Tyuiu.HubulovaVI.Sprint4.Task6.V13.Test", "Tyuiu.HubulovaVI.Sprint4.Task6.V13.Test\Tyuiu.HubulovaVI.Sprint4.Task6.V13.Test.csproj", "{E8D7FEC6-177F-4884-A783-BEE2B9527CD3}"
EndProject
Global
	GlobalSection(SolutionConfigurationPlatforms) = preSolution
		Debug|Any CPU = Debug|Any CPU
		Release|Any CPU = Release|Any CPU
	EndGlobalSection
	GlobalSection(ProjectConfigurationPlatforms) = postSolution
		{EE98E3FD-557D-4797-8D1D-CDBF0FA6685E}.Debug|Any CPU.ActiveCfg = Debug|Any CPU
		{EE98E3FD-557D-4797-8D1D-CDBF0FA6685E}.Debug|Any CPU.Build.0 = Debug|Any CPU
		{EE98E3FD-557D-4797-8D1D-CDBF0FA6685E}.Release|Any CPU.ActiveCfg = Release|Any CPU
		{EE98E3FD-557D-4797-8D1D-CDBF0FA6685E}.Release|Any CPU.Build.0 = Release|Any CPU
		{1A304D96-80E1-4103-BF66-5DC9D4DF7FEB}.Debug|Any CPU.ActiveCfg = Debug|Any CPU
		{1A304D96-80E1-4103-BF66-5DC9D4DF7FEB}.Debug|Any CPU.Build.0 = Debug|Any CPU
		{1A304D96-80E1-4103-BF66-5DC9D4DF7FEB}.Release|Any CPU.ActiveCfg = Release|Any CPU
		{1A304D96-80E1-4103-BF66-5DC9D4DF7FEB}.Release|Any CPU.Build.0 = Release|Any CPU
		{C5C2E045-0346-47B9-B6E5-C5984C6974C9}.Debug|Any CPU.ActiveCfg = Debug|Any CPU
		{C5C2E045-0346-47B9-B6E5-C5984C6974C9}.Debug|Any CPU.Build.0 = Debug|Any CPU
		{C5C2E045-0346-47B9-B6E5-C5984C6974C9}.Release|Any CPU.ActiveCfg = Release|Any CPU
		{C5C2E045-0346-47B9-B6E5-C5984C6974C9}.Release|Any CPU.Build.0 = Release|Any CPU
		{B10CD12A-E846-4378-895E-1D7A5570BAB2}.Debug|Any CPU.ActiveCfg = Debug|Any CPU
		{B10CD12A-E846-4378-895E-1D7A5570BAB2}.Debug|Any CPU.Build.0 = Debug|Any CPU
		{B10CD12A-E846-4378-895E-1D7A5570BAB2}.Release|Any CPU.ActiveCfg = Release|Any CPU
		{B10CD12A-E846-4378-895E-1D7A5570BAB2}.Release|Any CPU.Build.0 = Release|Any CPU
		{5096942F-1FBC-4757-AD84-EC593E4F69DC}.Debug|Any CPU.ActiveCfg = Debug|Any CPU
		{5096942F-1FBC-4757-AD84-EC593E4F69DC}.Debug|Any CPU.Build.0 = Debug|Any CPU
		{5096942F-1FBC-4757-AD84-EC593E4F69DC}.Release|Any CPU.ActiveCfg = Release|Any CPU
		{5096942F-1FBC-4757-AD84-EC593E4F69DC}.Release|Any CPU.Build.0 = Release|Any CPU
		{B7F89AC7-7260-4C5A-B5F5-46EAB047D45F}.Debug|Any CPU.ActiveCfg = Debug|Any CPU
		{B7F89AC7-7260-4C5A-B5F5-46EAB047D45F}.Debug|Any CPU.Build.0 = Debug|Any CPU
		{B7F89AC7-7260-4C5A-B5F5-46EAB047D45F}.Release|Any CPU.ActiveCfg = Release|Any CPU
		{B7F89AC7-7260-4C5A-B5F5-46EAB047D45F}.Release|Any CPU.Build.0 = Release|Any CPU
		{09A8D8BF-7863-4717-B83A-133B942A9624}.Debug|Any CPU.ActiveCfg = Debug|Any CPU
		{09A8D8BF-7863-4717-B83A-133B942A9624}.Debug|Any CPU.Build.0 = Debug|Any CPU
		{09A8D8BF-7863-4717-B83A-133B942A9624}.Release|Any CPU.ActiveCfg = Release|Any CPU
		{09A8D8BF-7863-4717-B83A-133B942A9624}.Release|Any CPU.Build.0 = Release|Any CPU
		{6764571D-8C70-4F54-828E-B4B0B34638FA}.Debug|Any CPU.ActiveCfg = Debug|Any CPU
		{6764571D-8C70-4F54-828E-B4B0B34638FA}.Debug|Any CPU.Build.0 = Debug|Any CPU
		{6764571D-8C70-4F54-828E-B4B0B34638FA}.Release|Any CPU.ActiveCfg = Release|Any CPU
		{6764571D-8C70-4F54-828E-B4B0B34638FA}.Release|Any CPU.Build.0 = Release|Any CPU
		{3A4F612E-9CD2-4AFB-9E69-812314005C92}.Debug|Any CPU.ActiveCfg = Debug|Any CPU
		{3A4F612E-9CD2-4AFB-9E69-812314005C92}.Debug|Any CPU.Build.0 = Debug|Any CPU
		{3A4F612E-9CD2-4AFB-9E69-812314005C92}.Release|Any CPU.ActiveCfg = Release|Any CPU
		{3A4F612E-9CD2-4AFB-9E69-812314005C92}.Release|Any CPU.Build.0 = Release|Any CPU
		{0595801F-1102-4C65-8E97-E35B653E8AB2}.Debug|Any CPU.ActiveCfg = Debug|Any CPU
		{0595801F-1102-4C65-8E97-E35B653E8AB2}.Debug|Any CPU.Build.0 = Debug|Any CPU
		{0595801F-1102-4C65-8E97-E35B653E8AB2}.Release|Any CPU.ActiveCfg = Release|Any CPU
		{0595801F-1102-4C65-8E97-E35B653E8AB2}.Release|Any CPU.Build.0 = Release|Any CPU
		{CF0CEEC8-E1F2-4B5E-B032-3747BB44E89B}.Debug|Any CPU.ActiveCfg = Debug|Any CPU
		{CF0CEEC8-E1F2-4B5E-B032-3747BB44E89B}.Debug|Any CPU.Build.0 = Debug|Any CPU
		{CF0CEEC8-E1F2-4B5E-B032-3747BB44E89B}.Release|Any CPU.ActiveCfg = Release|Any CPU
		{CF0CEEC8-E1F2-4B5E-B032-3747BB44E89B}.Release|Any CPU.Build.0 = Release|Any CPU
		{E76F7456-A1CB-4B42-8593-658EB6E37C85}.Debug|Any CPU.ActiveCfg = Debug|Any CPU
		{E76F7456-A1CB-4B42-8593-658EB6E37C85}.Debug|Any CPU.Build.0 = Debug|Any CPU
		{E76F7456-A1CB-4B42-8593-658EB6E37C85}.Release|Any CPU.ActiveCfg = Release|Any CPU
		{E76F7456-A1CB-4B42-8593-658EB6E37C85}.Release|Any CPU.Build.0 = Release|Any CPU
		{A0197676-0CC7-4705-B2AE-040F20629D0E}.Debug|Any CPU.ActiveCfg = Debug|Any CPU
		{A0197676-0CC7-4705-B2AE-040F20629D0E}.Debug|Any CPU.Build.0 = Debug|Any CPU
		{A0197676-0CC7-4705-B2AE-040F20629D0E}.Release|Any CPU.ActiveCfg = Release|Any CPU
		{A0197676-0CC7-4705-B2AE-040F20629D0E}.Release|Any CPU.Build.0 = Release|Any CPU
		{6E84DC9C-574E-4764-9CFE-B2F1DBAFD889}.Debug|Any CPU.ActiveCfg = Debug|Any CPU
		{6E84DC9C-574E-4764-9CFE-B2F1DBAFD889}.Debug|Any CPU.Build.0 = Debug|Any CPU
		{6E84DC9C-574E-4764-9CFE-B2F1DBAFD889}.Release|Any CPU.ActiveCfg = Release|Any CPU
		{6E84DC9C-574E-4764-9CFE-B2F1DBAFD889}.Release|Any CPU.Build.0 = Release|Any CPU
		{E2BFD5DA-3C2D-49B5-85C3-0F2BD0598388}.Debug|Any CPU.ActiveCfg = Debug|Any CPU
		{E2BFD5DA-3C2D-49B5-85C3-0F2BD0598388}.Debug|Any CPU.Build.0 = Debug|Any CPU
		{E2BFD5DA-3C2D-49B5-85C3-0F2BD0598388}.Release|Any CPU.ActiveCfg = Release|Any CPU
		{E2BFD5DA-3C2D-49B5-85C3-0F2BD0598388}.Release|Any CPU.Build.0 = Release|Any CPU
		{DF93F5E4-5C07-4BB7-9051-F1EC013CD486}.Debug|Any CPU.ActiveCfg = Debug|Any CPU
		{DF93F5E4-5C07-4BB7-9051-F1EC013CD486}.Debug|Any CPU.Build.0 = Debug|Any CPU
		{DF93F5E4-5C07-4BB7-9051-F1EC013CD486}.Release|Any CPU.ActiveCfg = Release|Any CPU
		{DF93F5E4-5C07-4BB7-9051-F1EC013CD486}.Release|Any CPU.Build.0 = Release|Any CPU
		{97958776-232E-446C-ABE2-13EBCADEC47C}.Debug|Any CPU.ActiveCfg = Debug|Any CPU
		{97958776-232E-446C-ABE2-13EBCADEC47C}.Debug|Any CPU.Build.0 = Debug|Any CPU
		{97958776-232E-446C-ABE2-13EBCADEC47C}.Release|Any CPU.ActiveCfg = Release|Any CPU
		{97958776-232E-446C-ABE2-13EBCADEC47C}.Release|Any CPU.Build.0 = Release|Any CPU
		{A218ED56-167B-419D-821C-5319C9B02B86}.Debug|Any CPU.ActiveCfg = Debug|Any CPU
		{A218ED56-167B-419D-821C-5319C9B02B86}.Debug|Any CPU.Build.0 = Debug|Any CPU
		{A218ED56-167B-419D-821C-5319C9B02B86}.Release|Any CPU.ActiveCfg = Release|Any CPU
		{A218ED56-167B-419D-821C-5319C9B02B86}.Release|Any CPU.Build.0 = Release|Any CPU
		{B29CAA70-2FA0-4D66-BCF1-CBC7E0E22A41}.Debug|Any CPU.ActiveCfg = Debug|Any CPU
		{B29CAA70-2FA0-4D66-BCF1-CBC7E0E22A41}.Debug|Any CPU.Build.0 = Debug|Any CPU
		{B29CAA70-2FA0-4D66-BCF1-CBC7E0E22A41}.Release|Any CPU.ActiveCfg = Release|Any CPU
		{B29CAA70-2FA0-4D66-BCF1-CBC7E0E22A41}.Release|Any CPU.Build.0 = Release|Any CPU
		{CEC040D0-C4CA-4F41-9199-0C1B4C0811DA}.Debug|Any CPU.ActiveCfg = Debug|Any CPU
		{CEC040D0-C4CA-4F41-9199-0C1B4C0811DA}.Debug|Any CPU.Build.0 = Debug|Any CPU
		{CEC040D0-C4CA-4F41-9199-0C1B4C0811DA}.Release|Any CPU.ActiveCfg = Release|Any CPU
		{CEC040D0-C4CA-4F41-9199-0C1B4C0811DA}.Release|Any CPU.Build.0 = Release|Any CPU
		{E8D7FEC6-177F-4884-A783-BEE2B9527CD3}.Debug|Any CPU.ActiveCfg = Debug|Any CPU
		{E8D7FEC6-177F-4884-A783-BEE2B9527CD3}.Debug|Any CPU.Build.0 = Debug|Any CPU
		{E8D7FEC6-177F-4884-A783-BEE2B9527CD3}.Release|Any CPU.ActiveCfg = Release|Any CPU
		{E8D7FEC6-177F-4884-A783-BEE2B9527CD3}.Release|Any CPU.Build.0 = Release|Any CPU
	EndGlobalSection
	GlobalSection(SolutionProperties) = preSolution
		HideSolutionNode = FALSE
	EndGlobalSection
	GlobalSection(NestedProjects) = preSolution
		{EE98E3FD-557D-4797-8D1D-CDBF0FA6685E} = {0C79F3C5-D880-4BA8-BB59-F19CC9220394}
		{1A304D96-80E1-4103-BF66-5DC9D4DF7FEB} = {0C79F3C5-D880-4BA8-BB59-F19CC9220394}
		{C5C2E045-0346-47B9-B6E5-C5984C6974C9} = {0C79F3C5-D880-4BA8-BB59-F19CC9220394}
		{B10CD12A-E846-4378-895E-1D7A5570BAB2} = {A874E0A6-5137-4C32-8C14-E6D37361F6DE}
		{5096942F-1FBC-4757-AD84-EC593E4F69DC} = {A874E0A6-5137-4C32-8C14-E6D37361F6DE}
		{B7F89AC7-7260-4C5A-B5F5-46EAB047D45F} = {A874E0A6-5137-4C32-8C14-E6D37361F6DE}
		{09A8D8BF-7863-4717-B83A-133B942A9624} = {FBA7E72C-3C4E-43C1-A982-8616FB22AC06}
		{6764571D-8C70-4F54-828E-B4B0B34638FA} = {FBA7E72C-3C4E-43C1-A982-8616FB22AC06}
		{3A4F612E-9CD2-4AFB-9E69-812314005C92} = {FBA7E72C-3C4E-43C1-A982-8616FB22AC06}
		{0595801F-1102-4C65-8E97-E35B653E8AB2} = {9C7AA727-C77F-42CE-A421-460316EE2726}
		{CF0CEEC8-E1F2-4B5E-B032-3747BB44E89B} = {9C7AA727-C77F-42CE-A421-460316EE2726}
		{E76F7456-A1CB-4B42-8593-658EB6E37C85} = {9C7AA727-C77F-42CE-A421-460316EE2726}
		{A0197676-0CC7-4705-B2AE-040F20629D0E} = {95612E9B-FDA8-47D3-81AA-762951E479E3}
		{6E84DC9C-574E-4764-9CFE-B2F1DBAFD889} = {95612E9B-FDA8-47D3-81AA-762951E479E3}
		{E2BFD5DA-3C2D-49B5-85C3-0F2BD0598388} = {95612E9B-FDA8-47D3-81AA-762951E479E3}
		{DF93F5E4-5C07-4BB7-9051-F1EC013CD486} = {81AA4B2F-B1F1-46B6-AEFC-F1884976E352}
		{97958776-232E-446C-ABE2-13EBCADEC47C} = {81AA4B2F-B1F1-46B6-AEFC-F1884976E352}
		{A218ED56-167B-419D-821C-5319C9B02B86} = {81AA4B2F-B1F1-46B6-AEFC-F1884976E352}
		{B29CAA70-2FA0-4D66-BCF1-CBC7E0E22A41} = {45484A49-C0A0-4EB3-8000-1461D61F98BA}
		{CEC040D0-C4CA-4F41-9199-0C1B4C0811DA} = {45484A49-C0A0-4EB3-8000-1461D61F98BA}
		{E8D7FEC6-177F-4884-A783-BEE2B9527CD3} = {45484A49-C0A0-4EB3-8000-1461D61F98BA}
	EndGlobalSection
	GlobalSection(ExtensibilityGlobals) = postSolution
		SolutionGuid = {3E77B246-CA03-4F6E-BC08-5145F82197EF}
	EndGlobalSection
EndGlobal
